// !$*UTF8*$!
{
	archiveVersion = 1;
	classes = {
	};
	objectVersion = 46;
	objects = {

/* Begin PBXBuildFile section */
		D44E5F3D1C566E05000347BB /* main.m in Sources */ = {isa = PBXBuildFile; fileRef = D44E5F3C1C566E05000347BB /* main.m */; };
		D44E5F401C566E05000347BB /* AppDelegate.m in Sources */ = {isa = PBXBuildFile; fileRef = D44E5F3F1C566E05000347BB /* AppDelegate.m */; };
		D44E5F431C566E05000347BB /* ViewController.m in Sources */ = {isa = PBXBuildFile; fileRef = D44E5F421C566E05000347BB /* ViewController.m */; };
		D44E5F461C566E05000347BB /* Main.storyboard in Resources */ = {isa = PBXBuildFile; fileRef = D44E5F441C566E05000347BB /* Main.storyboard */; };
		D44E5F481C566E05000347BB /* Assets.xcassets in Resources */ = {isa = PBXBuildFile; fileRef = D44E5F471C566E05000347BB /* Assets.xcassets */; };
		D44E5F4B1C566E05000347BB /* LaunchScreen.storyboard in Resources */ = {isa = PBXBuildFile; fileRef = D44E5F491C566E05000347BB /* LaunchScreen.storyboard */; };
		D44E5F561C566E05000347BB /* ______Tests.m in Sources */ = {isa = PBXBuildFile; fileRef = D44E5F551C566E05000347BB /* ______Tests.m */; };
		D44E5F611C566E05000347BB /* ______UITests.m in Sources */ = {isa = PBXBuildFile; fileRef = D44E5F601C566E05000347BB /* ______UITests.m */; };
/* End PBXBuildFile section */

/* Begin PBXContainerItemProxy section */
		D44E5F521C566E05000347BB /* PBXContainerItemProxy */ = {
			isa = PBXContainerItemProxy;
			containerPortal = D44E5F301C566E05000347BB /* Project object */;
			proxyType = 1;
			remoteGlobalIDString = D44E5F371C566E05000347BB;
			remoteInfo = "事件请求方法";
		};
		D44E5F5D1C566E05000347BB /* PBXContainerItemProxy */ = {
			isa = PBXContainerItemProxy;
			containerPortal = D44E5F301C566E05000347BB /* Project object */;
			proxyType = 1;
			remoteGlobalIDString = D44E5F371C566E05000347BB;
			remoteInfo = "事件请求方法";
		};
/* End PBXContainerItemProxy section */

/* Begin PBXFileReference section */
		D44E5F381C566E05000347BB /* 事件请求方法.app */ = {isa = PBXFileReference; explicitFileType = wrapper.application; includeInIndex = 0; path = "事件请求方法.app"; sourceTree = BUILT_PRODUCTS_DIR; };
		D44E5F3C1C566E05000347BB /* main.m */ = {isa = PBXFileReference; lastKnownFileType = sourcecode.c.objc; path = main.m; sourceTree = "<group>"; };
		D44E5F3E1C566E05000347BB /* AppDelegate.h */ = {isa = PBXFileReference; lastKnownFileType = sourcecode.c.h; path = AppDelegate.h; sourceTree = "<group>"; };
		D44E5F3F1C566E05000347BB /* AppDelegate.m */ = {isa = PBXFileReference; lastKnownFileType = sourcecode.c.objc; path = AppDelegate.m; sourceTree = "<group>"; };
		D44E5F411C566E05000347BB /* ViewController.h */ = {isa = PBXFileReference; lastKnownFileType = sourcecode.c.h; path = ViewController.h; sourceTree = "<group>"; };
		D44E5F421C566E05000347BB /* ViewController.m */ = {isa = PBXFileReference; lastKnownFileType = sourcecode.c.objc; path = ViewController.m; sourceTree = "<group>"; };
		D44E5F451C566E05000347BB /* Base */ = {isa = PBXFileReference; lastKnownFileType = file.storyboard; name = Base; path = Base.lproj/Main.storyboard; sourceTree = "<group>"; };
		D44E5F471C566E05000347BB /* Assets.xcassets */ = {isa = PBXFileReference; lastKnownFileType = folder.assetcatalog; path = Assets.xcassets; sourceTree = "<group>"; };
		D44E5F4A1C566E05000347BB /* Base */ = {isa = PBXFileReference; lastKnownFileType = file.storyboard; name = Base; path = Base.lproj/LaunchScreen.storyboard; sourceTree = "<group>"; };
		D44E5F4C1C566E05000347BB /* Info.plist */ = {isa = PBXFileReference; lastKnownFileType = text.plist.xml; path = Info.plist; sourceTree = "<group>"; };
		D44E5F511C566E05000347BB /* 事件请求方法Tests.xctest */ = {isa = PBXFileReference; explicitFileType = wrapper.cfbundle; includeInIndex = 0; path = "事件请求方法Tests.xctest"; sourceTree = BUILT_PRODUCTS_DIR; };
		D44E5F551C566E05000347BB /* ______Tests.m */ = {isa = PBXFileReference; lastKnownFileType = sourcecode.c.objc; path = "______Tests.m"; sourceTree = "<group>"; };
		D44E5F571C566E05000347BB /* Info.plist */ = {isa = PBXFileReference; lastKnownFileType = text.plist.xml; path = Info.plist; sourceTree = "<group>"; };
		D44E5F5C1C566E05000347BB /* 事件请求方法UITests.xctest */ = {isa = PBXFileReference; explicitFileType = wrapper.cfbundle; includeInIndex = 0; path = "事件请求方法UITests.xctest"; sourceTree = BUILT_PRODUCTS_DIR; };
		D44E5F601C566E05000347BB /* ______UITests.m */ = {isa = PBXFileReference; lastKnownFileType = sourcecode.c.objc; path = "______UITests.m"; sourceTree = "<group>"; };
		D44E5F621C566E05000347BB /* Info.plist */ = {isa = PBXFileReference; lastKnownFileType = text.plist.xml; path = Info.plist; sourceTree = "<group>"; };
/* End PBXFileReference section */

/* Begin PBXFrameworksBuildPhase section */
		D44E5F351C566E05000347BB /* Frameworks */ = {
			isa = PBXFrameworksBuildPhase;
			buildActionMask = 2147483647;
			files = (
			);
			runOnlyForDeploymentPostprocessing = 0;
		};
		D44E5F4E1C566E05000347BB /* Frameworks */ = {
			isa = PBXFrameworksBuildPhase;
			buildActionMask = 2147483647;
			files = (
			);
			runOnlyForDeploymentPostprocessing = 0;
		};
		D44E5F591C566E05000347BB /* Frameworks */ = {
			isa = PBXFrameworksBuildPhase;
			buildActionMask = 2147483647;
			files = (
			);
			runOnlyForDeploymentPostprocessing = 0;
		};
/* End PBXFrameworksBuildPhase section */

/* Begin PBXGroup section */
		D44E5F2F1C566E05000347BB = {
			isa = PBXGroup;
			children = (
				D44E5F3A1C566E05000347BB /* 事件请求方法 */,
				D44E5F541C566E05000347BB /* 事件请求方法Tests */,
				D44E5F5F1C566E05000347BB /* 事件请求方法UITests */,
				D44E5F391C566E05000347BB /* Products */,
			);
			sourceTree = "<group>";
		};
		D44E5F391C566E05000347BB /* Products */ = {
			isa = PBXGroup;
			children = (
				D44E5F381C566E05000347BB /* 事件请求方法.app */,
				D44E5F511C566E05000347BB /* 事件请求方法Tests.xctest */,
				D44E5F5C1C566E05000347BB /* 事件请求方法UITests.xctest */,
			);
			name = Products;
			sourceTree = "<group>";
		};
		D44E5F3A1C566E05000347BB /* 事件请求方法 */ = {
			isa = PBXGroup;
			children = (
				D44E5F3E1C566E05000347BB /* AppDelegate.h */,
				D44E5F3F1C566E05000347BB /* AppDelegate.m */,
				D44E5F411C566E05000347BB /* ViewController.h */,
				D44E5F421C566E05000347BB /* ViewController.m */,
				D44E5F441C566E05000347BB /* Main.storyboard */,
				D44E5F471C566E05000347BB /* Assets.xcassets */,
				D44E5F491C566E05000347BB /* LaunchScreen.storyboard */,
				D44E5F4C1C566E05000347BB /* Info.plist */,
				D44E5F3B1C566E05000347BB /* Supporting Files */,
			);
			path = "事件请求方法";
			sourceTree = "<group>";
		};
		D44E5F3B1C566E05000347BB /* Supporting Files */ = {
			isa = PBXGroup;
			children = (
				D44E5F3C1C566E05000347BB /* main.m */,
			);
			name = "Supporting Files";
			sourceTree = "<group>";
		};
		D44E5F541C566E05000347BB /* 事件请求方法Tests */ = {
			isa = PBXGroup;
			children = (
				D44E5F551C566E05000347BB /* ______Tests.m */,
				D44E5F571C566E05000347BB /* Info.plist */,
			);
			path = "事件请求方法Tests";
			sourceTree = "<group>";
		};
		D44E5F5F1C566E05000347BB /* 事件请求方法UITests */ = {
			isa = PBXGroup;
			children = (
				D44E5F601C566E05000347BB /* ______UITests.m */,
				D44E5F621C566E05000347BB /* Info.plist */,
			);
			path = "事件请求方法UITests";
			sourceTree = "<group>";
		};
/* End PBXGroup section */

/* Begin PBXNativeTarget section */
		D44E5F371C566E05000347BB /* 事件请求方法 */ = {
			isa = PBXNativeTarget;
			buildConfigurationList = D44E5F651C566E05000347BB /* Build configuration list for PBXNativeTarget "事件请求方法" */;
			buildPhases = (
				D44E5F341C566E05000347BB /* Sources */,
				D44E5F351C566E05000347BB /* Frameworks */,
				D44E5F361C566E05000347BB /* Resources */,
			);
			buildRules = (
			);
			dependencies = (
			);
			name = "事件请求方法";
			productName = "事件请求方法";
			productReference = D44E5F381C566E05000347BB /* 事件请求方法.app */;
			productType = "com.apple.product-type.application";
		};
		D44E5F501C566E05000347BB /* 事件请求方法Tests */ = {
			isa = PBXNativeTarget;
			buildConfigurationList = D44E5F681C566E06000347BB /* Build configuration list for PBXNativeTarget "事件请求方法Tests" */;
			buildPhases = (
				D44E5F4D1C566E05000347BB /* Sources */,
				D44E5F4E1C566E05000347BB /* Frameworks */,
				D44E5F4F1C566E05000347BB /* Resources */,
			);
			buildRules = (
			);
			dependencies = (
				D44E5F531C566E05000347BB /* PBXTargetDependency */,
			);
			name = "事件请求方法Tests";
			productName = "事件请求方法Tests";
			productReference = D44E5F511C566E05000347BB /* 事件请求方法Tests.xctest */;
			productType = "com.apple.product-type.bundle.unit-test";
		};
		D44E5F5B1C566E05000347BB /* 事件请求方法UITests */ = {
			isa = PBXNativeTarget;
			buildConfigurationList = D44E5F6B1C566E06000347BB /* Build configuration list for PBXNativeTarget "事件请求方法UITests" */;
			buildPhases = (
				D44E5F581C566E05000347BB /* Sources */,
				D44E5F591C566E05000347BB /* Frameworks */,
				D44E5F5A1C566E05000347BB /* Resources */,
			);
			buildRules = (
			);
			dependencies = (
				D44E5F5E1C566E05000347BB /* PBXTargetDependency */,
			);
			name = "事件请求方法UITests";
			productName = "事件请求方法UITests";
			productReference = D44E5F5C1C566E05000347BB /* 事件请求方法UITests.xctest */;
			productType = "com.apple.product-type.bundle.ui-testing";
		};
/* End PBXNativeTarget section */

/* Begin PBXProject section */
		D44E5F301C566E05000347BB /* Project object */ = {
			isa = PBXProject;
			attributes = {
				LastUpgradeCheck = 0720;
				ORGANIZATIONNAME = "曹羊羊";
				TargetAttributes = {
					D44E5F371C566E05000347BB = {
						CreatedOnToolsVersion = 7.2;
						DevelopmentTeam = M8Z627GJKV;
					};
					D44E5F501C566E05000347BB = {
						CreatedOnToolsVersion = 7.2;
						DevelopmentTeam = M8Z627GJKV;
						TestTargetID = D44E5F371C566E05000347BB;
					};
					D44E5F5B1C566E05000347BB = {
						CreatedOnToolsVersion = 7.2;
						DevelopmentTeam = M8Z627GJKV;
						TestTargetID = D44E5F371C566E05000347BB;
					};
				};
			};
			buildConfigurationList = D44E5F331C566E05000347BB /* Build configuration list for PBXProject "事件请求方法" */;
			compatibilityVersion = "Xcode 3.2";
			developmentRegion = English;
			hasScannedForEncodings = 0;
			knownRegions = (
				en,
				Base,
			);
			mainGroup = D44E5F2F1C566E05000347BB;
			productRefGroup = D44E5F391C566E05000347BB /* Products */;
			projectDirPath = "";
			projectRoot = "";
			targets = (
				D44E5F371C566E05000347BB /* 事件请求方法 */,
				D44E5F501C566E05000347BB /* 事件请求方法Tests */,
				D44E5F5B1C566E05000347BB /* 事件请求方法UITests */,
			);
		};
/* End PBXProject section */

/* Begin PBXResourcesBuildPhase section */
		D44E5F361C566E05000347BB /* Resources */ = {
			isa = PBXResourcesBuildPhase;
			buildActionMask = 2147483647;
			files = (
				D44E5F4B1C566E05000347BB /* LaunchScreen.storyboard in Resources */,
				D44E5F481C566E05000347BB /* Assets.xcassets in Resources */,
				D44E5F461C566E05000347BB /* Main.storyboard in Resources */,
			);
			runOnlyForDeploymentPostprocessing = 0;
		};
		D44E5F4F1C566E05000347BB /* Resources */ = {
			isa = PBXResourcesBuildPhase;
			buildActionMask = 2147483647;
			files = (
			);
			runOnlyForDeploymentPostprocessing = 0;
		};
		D44E5F5A1C566E05000347BB /* Resources */ = {
			isa = PBXResourcesBuildPhase;
			buildActionMask = 2147483647;
			files = (
			);
			runOnlyForDeploymentPostprocessing = 0;
		};
/* End PBXResourcesBuildPhase section */

/* Begin PBXSourcesBuildPhase section */
		D44E5F341C566E05000347BB /* Sources */ = {
			isa = PBXSourcesBuildPhase;
			buildActionMask = 2147483647;
			files = (
				D44E5F431C566E05000347BB /* ViewController.m in Sources */,
				D44E5F401C566E05000347BB /* AppDelegate.m in Sources */,
				D44E5F3D1C566E05000347BB /* main.m in Sources */,
			);
			runOnlyForDeploymentPostprocessing = 0;
		};
		D44E5F4D1C566E05000347BB /* Sources */ = {
			isa = PBXSourcesBuildPhase;
			buildActionMask = 2147483647;
			files = (
				D44E5F561C566E05000347BB /* ______Tests.m in Sources */,
			);
			runOnlyForDeploymentPostprocessing = 0;
		};
		D44E5F581C566E05000347BB /* Sources */ = {
			isa = PBXSourcesBuildPhase;
			buildActionMask = 2147483647;
			files = (
				D44E5F611C566E05000347BB /* ______UITests.m in Sources */,
			);
			runOnlyForDeploymentPostprocessing = 0;
		};
/* End PBXSourcesBuildPhase section */

/* Begin PBXTargetDependency section */
		D44E5F531C566E05000347BB /* PBXTargetDependency */ = {
			isa = PBXTargetDependency;
			target = D44E5F371C566E05000347BB /* 事件请求方法 */;
			targetProxy = D44E5F521C566E05000347BB /* PBXContainerItemProxy */;
		};
		D44E5F5E1C566E05000347BB /* PBXTargetDependency */ = {
			isa = PBXTargetDependency;
			target = D44E5F371C566E05000347BB /* 事件请求方法 */;
			targetProxy = D44E5F5D1C566E05000347BB /* PBXContainerItemProxy */;
		};
/* End PBXTargetDependency section */

/* Begin PBXVariantGroup section */
		D44E5F441C566E05000347BB /* Main.storyboard */ = {
			isa = PBXVariantGroup;
			children = (
				D44E5F451C566E05000347BB /* Base */,
			);
			name = Main.storyboard;
			sourceTree = "<group>";
		};
		D44E5F491C566E05000347BB /* LaunchScreen.storyboard */ = {
			isa = PBXVariantGroup;
			children = (
				D44E5F4A1C566E05000347BB /* Base */,
			);
			name = LaunchScreen.storyboard;
			sourceTree = "<group>";
		};
/* End PBXVariantGroup section */

/* Begin XCBuildConfiguration section */
		D44E5F631C566E05000347BB /* Debug */ = {
			isa = XCBuildConfiguration;
			buildSettings = {
				ALWAYS_SEARCH_USER_PATHS = NO;
				CLANG_CXX_LANGUAGE_STANDARD = "gnu++0x";
				CLANG_CXX_LIBRARY = "libc++";
				CLANG_ENABLE_MODULES = YES;
				CLANG_ENABLE_OBJC_ARC = YES;
				CLANG_WARN_BOOL_CONVERSION = YES;
				CLANG_WARN_CONSTANT_CONVERSION = YES;
				CLANG_WARN_DIRECT_OBJC_ISA_USAGE = YES_ERROR;
				CLANG_WARN_EMPTY_BODY = YES;
				CLANG_WARN_ENUM_CONVERSION = YES;
				CLANG_WARN_INT_CONVERSION = YES;
				CLANG_WARN_OBJC_ROOT_CLASS = YES_ERROR;
				CLANG_WARN_UNREACHABLE_CODE = YES;
				CLANG_WARN__DUPLICATE_METHOD_MATCH = YES;
				"CODE_SIGN_IDENTITY[sdk=iphoneos*]" = "iPhone Developer";
				COPY_PHASE_STRIP = NO;
				DEBUG_INFORMATION_FORMAT = dwarf;
				ENABLE_STRICT_OBJC_MSGSEND = YES;
				ENABLE_TESTABILITY = YES;
				GCC_C_LANGUAGE_STANDARD = gnu99;
				GCC_DYNAMIC_NO_PIC = NO;
				GCC_NO_COMMON_BLOCKS = YES;
				GCC_OPTIMIZATION_LEVEL = 0;
				GCC_PREPROCESSOR_DEFINITIONS = (
					"DEBUG=1",
					"$(inherited)",
				);
				GCC_WARN_64_TO_32_BIT_CONVERSION = YES;
				GCC_WARN_ABOUT_RETURN_TYPE = YES_ERROR;
				GCC_WARN_UNDECLARED_SELECTOR = YES;
				GCC_WARN_UNINITIALIZED_AUTOS = YES_AGGRESSIVE;
				GCC_WARN_UNUSED_FUNCTION = YES;
				GCC_WARN_UNUSED_VARIABLE = YES;
				IPHONEOS_DEPLOYMENT_TARGET = 9.2;
				MTL_ENABLE_DEBUG_INFO = YES;
				ONLY_ACTIVE_ARCH = YES;
				SDKROOT = iphoneos;
			};
			name = Debug;
		};
		D44E5F641C566E05000347BB /* Release */ = {
			isa = XCBuildConfiguration;
			buildSettings = {
				ALWAYS_SEARCH_USER_PATHS = NO;
				CLANG_CXX_LANGUAGE_STANDARD = "gnu++0x";
				CLANG_CXX_LIBRARY = "libc++";
				CLANG_ENABLE_MODULES = YES;
				CLANG_ENABLE_OBJC_ARC = YES;
				CLANG_WARN_BOOL_CONVERSION = YES;
				CLANG_WARN_CONSTANT_CONVERSION = YES;
				CLANG_WARN_DIRECT_OBJC_ISA_USAGE = YES_ERROR;
				CLANG_WARN_EMPTY_BODY = YES;
				CLANG_WARN_ENUM_CONVERSION = YES;
				CLANG_WARN_INT_CONVERSION = YES;
				CLANG_WARN_OBJC_ROOT_CLASS = YES_ERROR;
				CLANG_WARN_UNREACHABLE_CODE = YES;
				CLANG_WARN__DUPLICATE_METHOD_MATCH = YES;
				"CODE_SIGN_IDENTITY[sdk=iphoneos*]" = "iPhone Developer";
				COPY_PHASE_STRIP = NO;
				DEBUG_INFORMATION_FORMAT = "dwarf-with-dsym";
				ENABLE_NS_ASSERTIONS = NO;
				ENABLE_STRICT_OBJC_MSGSEND = YES;
				GCC_C_LANGUAGE_STANDARD = gnu99;
				GCC_NO_COMMON_BLOCKS = YES;
				GCC_WARN_64_TO_32_BIT_CONVERSION = YES;
				GCC_WARN_ABOUT_RETURN_TYPE = YES_ERROR;
				GCC_WARN_UNDECLARED_SELECTOR = YES;
				GCC_WARN_UNINITIALIZED_AUTOS = YES_AGGRESSIVE;
				GCC_WARN_UNUSED_FUNCTION = YES;
				GCC_WARN_UNUSED_VARIABLE = YES;
				IPHONEOS_DEPLOYMENT_TARGET = 9.2;
				MTL_ENABLE_DEBUG_INFO = NO;
				SDKROOT = iphoneos;
				VALIDATE_PRODUCT = YES;
			};
			name = Release;
		};
		D44E5F661C566E05000347BB /* Debug */ = {
			isa = XCBuildConfiguration;
			buildSettings = {
				ASSETCATALOG_COMPILER_APPICON_NAME = AppIcon;
				INFOPLIST_FILE = "事件请求方法/Info.plist";
				LD_RUNPATH_SEARCH_PATHS = "$(inherited) @executable_path/Frameworks";
				PRODUCT_BUNDLE_IDENTIFIER = "cao.------";
				PRODUCT_NAME = "$(TARGET_NAME)";
			};
			name = Debug;
		};
		D44E5F671C566E05000347BB /* Release */ = {
			isa = XCBuildConfiguration;
			buildSettings = {
				ASSETCATALOG_COMPILER_APPICON_NAME = AppIcon;
				INFOPLIST_FILE = "事件请求方法/Info.plist";
				LD_RUNPATH_SEARCH_PATHS = "$(inherited) @executable_path/Frameworks";
				PRODUCT_BUNDLE_IDENTIFIER = "cao.------";
				PRODUCT_NAME = "$(TARGET_NAME)";
			};
			name = Release;
		};
		D44E5F691C566E06000347BB /* Debug */ = {
			isa = XCBuildConfiguration;
			buildSettings = {
				BUNDLE_LOADER = "$(TEST_HOST)";
				INFOPLIST_FILE = "事件请求方法Tests/Info.plist";
				LD_RUNPATH_SEARCH_PATHS = "$(inherited) @executable_path/Frameworks @loader_path/Frameworks";
				PRODUCT_BUNDLE_IDENTIFIER = "cao.------Tests";
				PRODUCT_NAME = "$(TARGET_NAME)";
				TEST_HOST = "$(BUILT_PRODUCTS_DIR)/事件请求方法.app/事件请求方法";
			};
			name = Debug;
		};
		D44E5F6A1C566E06000347BB /* Release */ = {
			isa = XCBuildConfiguration;
			buildSettings = {
				BUNDLE_LOADER = "$(TEST_HOST)";
				INFOPLIST_FILE = "事件请求方法Tests/Info.plist";
				LD_RUNPATH_SEARCH_PATHS = "$(inherited) @executable_path/Frameworks @loader_path/Frameworks";
				PRODUCT_BUNDLE_IDENTIFIER = "cao.------Tests";
				PRODUCT_NAME = "$(TARGET_NAME)";
				TEST_HOST = "$(BUILT_PRODUCTS_DIR)/事件请求方法.app/事件请求方法";
			};
			name = Release;
		};
		D44E5F6C1C566E06000347BB /* Debug */ = {
			isa = XCBuildConfiguration;
			buildSettings = {
				INFOPLIST_FILE = "事件请求方法UITests/Info.plist";
				LD_RUNPATH_SEARCH_PATHS = "$(inherited) @executable_path/Frameworks @loader_path/Frameworks";
				PRODUCT_BUNDLE_IDENTIFIER = "cao.------UITests";
				PRODUCT_NAME = "$(TARGET_NAME)";
				TEST_TARGET_NAME = "事件请求方法";
				USES_XCTRUNNER = YES;
			};
			name = Debug;
		};
		D44E5F6D1C566E06000347BB /* Release */ = {
			isa = XCBuildConfiguration;
			buildSettings = {
				INFOPLIST_FILE = "事件请求方法UITests/Info.plist";
				LD_RUNPATH_SEARCH_PATHS = "$(inherited) @executable_path/Frameworks @loader_path/Frameworks";
				PRODUCT_BUNDLE_IDENTIFIER = "cao.------UITests";
				PRODUCT_NAME = "$(TARGET_NAME)";
				TEST_TARGET_NAME = "事件请求方法";
				USES_XCTRUNNER = YES;
			};
			name = Release;
		};
/* End XCBuildConfiguration section */

/* Begin XCConfigurationList section */
		D44E5F331C566E05000347BB /* Build configuration list for PBXProject "事件请求方法" */ = {
			isa = XCConfigurationList;
			buildConfigurations = (
				D44E5F631C566E05000347BB /* Debug */,
				D44E5F641C566E05000347BB /* Release */,
			);
			defaultConfigurationIsVisible = 0;
			defaultConfigurationName = Release;
		};
		D44E5F651C566E05000347BB /* Build configuration list for PBXNativeTarget "事件请求方法" */ = {
			isa = XCConfigurationList;
			buildConfigurations = (
				D44E5F661C566E05000347BB /* Debug */,
				D44E5F671C566E05000347BB /* Release */,
			);
			defaultConfigurationIsVisible = 0;
		};
		D44E5F681C566E06000347BB /* Build configuration list for PBXNativeTarget "事件请求方法Tests" */ = {
			isa = XCConfigurationList;
			buildConfigurations = (
				D44E5F691C566E06000347BB /* Debug */,
				D44E5F6A1C566E06000347BB /* Release */,
			);
			defaultConfigurationIsVisible = 0;
		};
		D44E5F6B1C566E06000347BB /* Build configuration list for PBXNativeTarget "事件请求方法UITests" */ = {
			isa = XCConfigurationList;
			buildConfigurations = (
				D44E5F6C1C566E06000347BB /* Debug */,
				D44E5F6D1C566E06000347BB /* Release */,
			);
			defaultConfigurationIsVisible = 0;
		};
/* End XCConfigurationList section */
	};
	rootObject = D44E5F301C566E05000347BB /* Project object */;
}
